
Microsoft Visual Studio Solution File, Format Version 12.00
# Visual Studio Version 17
VisualStudioVersion = 17.7.34221.43
MinimumVisualStudioVersion = 10.0.40219.1
Project("{8BC9CEB8-8B4A-11D0-8D11-00A0C91BC942}") = "GameClient", "GameClient\GameClient.vcxproj", "{A64CD4B6-6DD5-4F02-917D-D9DE99E60708}"
	ProjectSection(ProjectDependencies) = postProject
		{371B9FA9-4C90-4AC6-A123-ACED756D6C77} = {371B9FA9-4C90-4AC6-A123-ACED756D6C77}
		{9F62DB07-EA42-4388-82AB-E6FAA371F353} = {9F62DB07-EA42-4388-82AB-E6FAA371F353}
		{A2C6EE47-F975-4EBD-A95E-8BBA3B0EEACD} = {A2C6EE47-F975-4EBD-A95E-8BBA3B0EEACD}
		{C3462EA5-DAA7-433B-9117-87D658C2D00C} = {C3462EA5-DAA7-433B-9117-87D658C2D00C}
		{CC2B6611-0005-460E-9E60-62B6AA2E7CF1} = {CC2B6611-0005-460E-9E60-62B6AA2E7CF1}
	EndProjectSection
EndProject
Project("{8BC9CEB8-8B4A-11D0-8D11-00A0C91BC942}") = "GameBase", "GameBase\GameBase.vcxproj", "{C3462EA5-DAA7-433B-9117-87D658C2D00C}"
EndProject
Project("{8BC9CEB8-8B4A-11D0-8D11-00A0C91BC942}") = "GameEngine", "GameEngine\GameEngine.vcxproj", "{CC2B6611-0005-460E-9E60-62B6AA2E7CF1}"
	ProjectSection(ProjectDependencies) = postProject
		{371B9FA9-4C90-4AC6-A123-ACED756D6C77} = {371B9FA9-4C90-4AC6-A123-ACED756D6C77}
		{9F62DB07-EA42-4388-82AB-E6FAA371F353} = {9F62DB07-EA42-4388-82AB-E6FAA371F353}
		{A2C6EE47-F975-4EBD-A95E-8BBA3B0EEACD} = {A2C6EE47-F975-4EBD-A95E-8BBA3B0EEACD}
		{C3462EA5-DAA7-433B-9117-87D658C2D00C} = {C3462EA5-DAA7-433B-9117-87D658C2D00C}
	EndProjectSection
EndProject
Project("{8BC9CEB8-8B4A-11D0-8D11-00A0C91BC942}") = "GameLogic", "GameLogic\GameLogic.vcxproj", "{A2C6EE47-F975-4EBD-A95E-8BBA3B0EEACD}"
EndProject
Project("{2150E333-8FDC-42A3-9474-1A3956D46DE8}") = "ENG", "ENG", "{4BFE7808-27FF-405D-891E-65078BF829D6}"
EndProject
Project("{2150E333-8FDC-42A3-9474-1A3956D46DE8}") = "TP", "TP", "{B4620B73-8A85-4F18-BDDE-709F333004E4}"
EndProject
Project("{2150E333-8FDC-42A3-9474-1A3956D46DE8}") = "APP", "APP", "{6E41274F-9F5E-48D1-96C9-6BA9312171D6}"
EndProject
Project("{8BC9CEB8-8B4A-11D0-8D11-00A0C91BC942}") = "GameShader", "GameShader\GameShader.vcxproj", "{67C64F61-5135-4610-8644-A38108C84138}"
EndProject
Project("{8BC9CEB8-8B4A-11D0-8D11-00A0C91BC942}") = "DirectXTex", "TP\DirectXTex-main\DirectXTex\DirectXTex_Desktop_2022.vcxproj", "{371B9FA9-4C90-4AC6-A123-ACED756D6C77}"
EndProject
Project("{8BC9CEB8-8B4A-11D0-8D11-00A0C91BC942}") = "FW1FontWrapper", "TP\FW1FontWrapper-master\FW1FontWrapper\FW1FontWrapper.vcxproj", "{9F62DB07-EA42-4388-82AB-E6FAA371F353}"
EndProject
Project("{8BC9CEB8-8B4A-11D0-8D11-00A0C91BC942}") = "GameTool", "GameTool\GameTool.vcxproj", "{27834185-5BF5-4020-9D2D-B5B8A46AE1B4}"
	ProjectSection(ProjectDependencies) = postProject
		{371B9FA9-4C90-4AC6-A123-ACED756D6C77} = {371B9FA9-4C90-4AC6-A123-ACED756D6C77}
		{9F62DB07-EA42-4388-82AB-E6FAA371F353} = {9F62DB07-EA42-4388-82AB-E6FAA371F353}
		{A2C6EE47-F975-4EBD-A95E-8BBA3B0EEACD} = {A2C6EE47-F975-4EBD-A95E-8BBA3B0EEACD}
		{C3462EA5-DAA7-433B-9117-87D658C2D00C} = {C3462EA5-DAA7-433B-9117-87D658C2D00C}
		{CC2B6611-0005-460E-9E60-62B6AA2E7CF1} = {CC2B6611-0005-460E-9E60-62B6AA2E7CF1}
	EndProjectSection
EndProject
Global
	GlobalSection(SolutionConfigurationPlatforms) = preSolution
		Debug|x64 = Debug|x64
		Debug|x86 = Debug|x86
		Profile|x64 = Profile|x64
		Profile|x86 = Profile|x86
		Release|x64 = Release|x64
		Release|x86 = Release|x86
	EndGlobalSection
	GlobalSection(ProjectConfigurationPlatforms) = postSolution
		{A64CD4B6-6DD5-4F02-917D-D9DE99E60708}.Debug|x64.ActiveCfg = Debug|x64
		{A64CD4B6-6DD5-4F02-917D-D9DE99E60708}.Debug|x64.Build.0 = Debug|x64
		{A64CD4B6-6DD5-4F02-917D-D9DE99E60708}.Debug|x86.ActiveCfg = Debug|Win32
		{A64CD4B6-6DD5-4F02-917D-D9DE99E60708}.Debug|x86.Build.0 = Debug|Win32
		{A64CD4B6-6DD5-4F02-917D-D9DE99E60708}.Profile|x64.ActiveCfg = Release|x64
		{A64CD4B6-6DD5-4F02-917D-D9DE99E60708}.Profile|x64.Build.0 = Release|x64
		{A64CD4B6-6DD5-4F02-917D-D9DE99E60708}.Profile|x86.ActiveCfg = Release|Win32
		{A64CD4B6-6DD5-4F02-917D-D9DE99E60708}.Profile|x86.Build.0 = Release|Win32
		{A64CD4B6-6DD5-4F02-917D-D9DE99E60708}.Release|x64.ActiveCfg = Release|x64
		{A64CD4B6-6DD5-4F02-917D-D9DE99E60708}.Release|x64.Build.0 = Release|x64
		{A64CD4B6-6DD5-4F02-917D-D9DE99E60708}.Release|x86.ActiveCfg = Release|Win32
		{A64CD4B6-6DD5-4F02-917D-D9DE99E60708}.Release|x86.Build.0 = Release|Win32
		{C3462EA5-DAA7-433B-9117-87D658C2D00C}.Debug|x64.ActiveCfg = Debug|x64
		{C3462EA5-DAA7-433B-9117-87D658C2D00C}.Debug|x64.Build.0 = Debug|x64
		{C3462EA5-DAA7-433B-9117-87D658C2D00C}.Debug|x86.ActiveCfg = Debug|Win32
		{C3462EA5-DAA7-433B-9117-87D658C2D00C}.Debug|x86.Build.0 = Debug|Win32
		{C3462EA5-DAA7-433B-9117-87D658C2D00C}.Profile|x64.ActiveCfg = Release|x64
		{C3462EA5-DAA7-433B-9117-87D658C2D00C}.Profile|x64.Build.0 = Release|x64
		{C3462EA5-DAA7-433B-9117-87D658C2D00C}.Profile|x86.ActiveCfg = Release|Win32
		{C3462EA5-DAA7-433B-9117-87D658C2D00C}.Profile|x86.Build.0 = Release|Win32
		{C3462EA5-DAA7-433B-9117-87D658C2D00C}.Release|x64.ActiveCfg = Release|x64
		{C3462EA5-DAA7-433B-9117-87D658C2D00C}.Release|x64.Build.0 = Release|x64
		{C3462EA5-DAA7-433B-9117-87D658C2D00C}.Release|x86.ActiveCfg = Release|Win32
		{C3462EA5-DAA7-433B-9117-87D658C2D00C}.Release|x86.Build.0 = Release|Win32
		{CC2B6611-0005-460E-9E60-62B6AA2E7CF1}.Debug|x64.ActiveCfg = Debug|x64
		{CC2B6611-0005-460E-9E60-62B6AA2E7CF1}.Debug|x64.Build.0 = Debug|x64
		{CC2B6611-0005-460E-9E60-62B6AA2E7CF1}.Debug|x86.ActiveCfg = Debug|Win32
		{CC2B6611-0005-460E-9E60-62B6AA2E7CF1}.Debug|x86.Build.0 = Debug|Win32
		{CC2B6611-0005-460E-9E60-62B6AA2E7CF1}.Profile|x64.ActiveCfg = Release|x64
		{CC2B6611-0005-460E-9E60-62B6AA2E7CF1}.Profile|x64.Build.0 = Release|x64
		{CC2B6611-0005-460E-9E60-62B6AA2E7CF1}.Profile|x86.ActiveCfg = Release|Win32
		{CC2B6611-0005-460E-9E60-62B6AA2E7CF1}.Profile|x86.Build.0 = Release|Win32
		{CC2B6611-0005-460E-9E60-62B6AA2E7CF1}.Release|x64.ActiveCfg = Release|x64
		{CC2B6611-0005-460E-9E60-62B6AA2E7CF1}.Release|x64.Build.0 = Release|x64
		{CC2B6611-0005-460E-9E60-62B6AA2E7CF1}.Release|x86.ActiveCfg = Release|Win32
		{CC2B6611-0005-460E-9E60-62B6AA2E7CF1}.Release|x86.Build.0 = Release|Win32
		{A2C6EE47-F975-4EBD-A95E-8BBA3B0EEACD}.Debug|x64.ActiveCfg = Debug|x64
		{A2C6EE47-F975-4EBD-A95E-8BBA3B0EEACD}.Debug|x64.Build.0 = Debug|x64
		{A2C6EE47-F975-4EBD-A95E-8BBA3B0EEACD}.Debug|x86.ActiveCfg = Debug|Win32
		{A2C6EE47-F975-4EBD-A95E-8BBA3B0EEACD}.Debug|x86.Build.0 = Debug|Win32
		{A2C6EE47-F975-4EBD-A95E-8BBA3B0EEACD}.Profile|x64.ActiveCfg = Release|x64
		{A2C6EE47-F975-4EBD-A95E-8BBA3B0EEACD}.Profile|x64.Build.0 = Release|x64
		{A2C6EE47-F975-4EBD-A95E-8BBA3B0EEACD}.Profile|x86.ActiveCfg = Release|Win32
		{A2C6EE47-F975-4EBD-A95E-8BBA3B0EEACD}.Profile|x86.Build.0 = Release|Win32
		{A2C6EE47-F975-4EBD-A95E-8BBA3B0EEACD}.Release|x64.ActiveCfg = Release|x64
		{A2C6EE47-F975-4EBD-A95E-8BBA3B0EEACD}.Release|x64.Build.0 = Release|x64
		{A2C6EE47-F975-4EBD-A95E-8BBA3B0EEACD}.Release|x86.ActiveCfg = Release|Win32
		{A2C6EE47-F975-4EBD-A95E-8BBA3B0EEACD}.Release|x86.Build.0 = Release|Win32
		{67C64F61-5135-4610-8644-A38108C84138}.Debug|x64.ActiveCfg = Debug|x64
		{67C64F61-5135-4610-8644-A38108C84138}.Debug|x64.Build.0 = Debug|x64
		{67C64F61-5135-4610-8644-A38108C84138}.Debug|x86.ActiveCfg = Debug|Win32
		{67C64F61-5135-4610-8644-A38108C84138}.Debug|x86.Build.0 = Debug|Win32
		{67C64F61-5135-4610-8644-A38108C84138}.Profile|x64.ActiveCfg = Release|x64
		{67C64F61-5135-4610-8644-A38108C84138}.Profile|x64.Build.0 = Release|x64
		{67C64F61-5135-4610-8644-A38108C84138}.Profile|x86.ActiveCfg = Release|Win32
		{67C64F61-5135-4610-8644-A38108C84138}.Profile|x86.Build.0 = Release|Win32
		{67C64F61-5135-4610-8644-A38108C84138}.Release|x64.ActiveCfg = Release|x64
		{67C64F61-5135-4610-8644-A38108C84138}.Release|x64.Build.0 = Release|x64
		{67C64F61-5135-4610-8644-A38108C84138}.Release|x86.ActiveCfg = Release|Win32
		{67C64F61-5135-4610-8644-A38108C84138}.Release|x86.Build.0 = Release|Win32
		{371B9FA9-4C90-4AC6-A123-ACED756D6C77}.Debug|x64.ActiveCfg = Debug|x64
		{371B9FA9-4C90-4AC6-A123-ACED756D6C77}.Debug|x64.Build.0 = Debug|x64
		{371B9FA9-4C90-4AC6-A123-ACED756D6C77}.Debug|x86.ActiveCfg = Debug|Win32
		{371B9FA9-4C90-4AC6-A123-ACED756D6C77}.Debug|x86.Build.0 = Debug|Win32
		{371B9FA9-4C90-4AC6-A123-ACED756D6C77}.Profile|x64.ActiveCfg = Profile|x64
		{371B9FA9-4C90-4AC6-A123-ACED756D6C77}.Profile|x64.Build.0 = Profile|x64
		{371B9FA9-4C90-4AC6-A123-ACED756D6C77}.Profile|x86.ActiveCfg = Profile|Win32
		{371B9FA9-4C90-4AC6-A123-ACED756D6C77}.Profile|x86.Build.0 = Profile|Win32
		{371B9FA9-4C90-4AC6-A123-ACED756D6C77}.Release|x64.ActiveCfg = Release|x64
		{371B9FA9-4C90-4AC6-A123-ACED756D6C77}.Release|x64.Build.0 = Release|x64
		{371B9FA9-4C90-4AC6-A123-ACED756D6C77}.Release|x86.ActiveCfg = Release|Win32
		{371B9FA9-4C90-4AC6-A123-ACED756D6C77}.Release|x86.Build.0 = Release|Win32
		{9F62DB07-EA42-4388-82AB-E6FAA371F353}.Debug|x64.ActiveCfg = Debug|x64
		{9F62DB07-EA42-4388-82AB-E6FAA371F353}.Debug|x64.Build.0 = Debug|x64
		{9F62DB07-EA42-4388-82AB-E6FAA371F353}.Debug|x86.ActiveCfg = Debug|Win32
		{9F62DB07-EA42-4388-82AB-E6FAA371F353}.Debug|x86.Build.0 = Debug|Win32
		{9F62DB07-EA42-4388-82AB-E6FAA371F353}.Profile|x64.ActiveCfg = Debug|x64
		{9F62DB07-EA42-4388-82AB-E6FAA371F353}.Profile|x64.Build.0 = Debug|x64
		{9F62DB07-EA42-4388-82AB-E6FAA371F353}.Profile|x86.ActiveCfg = Debug|Win32
		{9F62DB07-EA42-4388-82AB-E6FAA371F353}.Profile|x86.Build.0 = Debug|Win32
		{9F62DB07-EA42-4388-82AB-E6FAA371F353}.Release|x64.ActiveCfg = Release|x64
		{9F62DB07-EA42-4388-82AB-E6FAA371F353}.Release|x64.Build.0 = Release|x64
		{9F62DB07-EA42-4388-82AB-E6FAA371F353}.Release|x86.ActiveCfg = Release|Win32
		{9F62DB07-EA42-4388-82AB-E6FAA371F353}.Release|x86.Build.0 = Release|Win32
		{27834185-5BF5-4020-9D2D-B5B8A46AE1B4}.Debug|x64.ActiveCfg = Debug|x64
		{27834185-5BF5-4020-9D2D-B5B8A46AE1B4}.Debug|x64.Build.0 = Debug|x64
		{27834185-5BF5-4020-9D2D-B5B8A46AE1B4}.Debug|x86.ActiveCfg = Debug|Win32
		{27834185-5BF5-4020-9D2D-B5B8A46AE1B4}.Debug|x86.Build.0 = Debug|Win32
		{27834185-5BF5-4020-9D2D-B5B8A46AE1B4}.Profile|x64.ActiveCfg = Debug|x64
		{27834185-5BF5-4020-9D2D-B5B8A46AE1B4}.Profile|x64.Build.0 = Debug|x64
		{27834185-5BF5-4020-9D2D-B5B8A46AE1B4}.Profile|x86.ActiveCfg = Debug|Win32
		{27834185-5BF5-4020-9D2D-B5B8A46AE1B4}.Profile|x86.Build.0 = Debug|Win32
		{27834185-5BF5-4020-9D2D-B5B8A46AE1B4}.Release|x64.ActiveCfg = Release|x64
		{27834185-5BF5-4020-9D2D-B5B8A46AE1B4}.Release|x64.Build.0 = Release|x64
		{27834185-5BF5-4020-9D2D-B5B8A46AE1B4}.Release|x86.ActiveCfg = Release|Win32
		{27834185-5BF5-4020-9D2D-B5B8A46AE1B4}.Release|x86.Build.0 = Release|Win32
	EndGlobalSection
	GlobalSection(SolutionProperties) = preSolution
		HideSolutionNode = FALSE
	EndGlobalSection
	GlobalSection(NestedProjects) = preSolution
		{A64CD4B6-6DD5-4F02-917D-D9DE99E60708} = {6E41274F-9F5E-48D1-96C9-6BA9312171D6}
		{C3462EA5-DAA7-433B-9117-87D658C2D00C} = {4BFE7808-27FF-405D-891E-65078BF829D6}
		{CC2B6611-0005-460E-9E60-62B6AA2E7CF1} = {4BFE7808-27FF-405D-891E-65078BF829D6}
		{A2C6EE47-F975-4EBD-A95E-8BBA3B0EEACD} = {4BFE7808-27FF-405D-891E-65078BF829D6}
		{67C64F61-5135-4610-8644-A38108C84138} = {4BFE7808-27FF-405D-891E-65078BF829D6}
		{371B9FA9-4C90-4AC6-A123-ACED756D6C77} = {B4620B73-8A85-4F18-BDDE-709F333004E4}
		{9F62DB07-EA42-4388-82AB-E6FAA371F353} = {B4620B73-8A85-4F18-BDDE-709F333004E4}
		{27834185-5BF5-4020-9D2D-B5B8A46AE1B4} = {6E41274F-9F5E-48D1-96C9-6BA9312171D6}
	EndGlobalSection
	GlobalSection(ExtensibilityGlobals) = postSolution
		SolutionGuid = {F42A7692-2E0D-4926-B61A-9C2C815EC18B}
	EndGlobalSection
EndGlobal
